
Microsoft Visual Studio Solution File, Format Version 12.00
# Visual Studio 14
VisualStudioVersion = 14.0.24720.0
MinimumVisualStudioVersion = 10.0.40219.1
Project("{FAE04EC0-301F-11D3-BF4B-00C04F79EFBC}") = "ContactFacetDemo.Web", "ContactFacetDemo\ContactFacetDemo.Web.csproj", "{DB8F22DE-649F-45E3-9D7B-A261AEB4AEB5}"
EndProject
Project("{FAE04EC0-301F-11D3-BF4B-00C04F79EFBC}") = "ContactFacetDemo.Data", "ContactFacetDemo.Data\ContactFacetDemo.Data.csproj", "{05109DEA-6F7B-4BF8-A4E7-C00DD3D4F243}"
EndProject
Global
	GlobalSection(SolutionConfigurationPlatforms) = preSolution
		Debug|Any CPU = Debug|Any CPU
		Release|Any CPU = Release|Any CPU
	EndGlobalSection
	GlobalSection(ProjectConfigurationPlatforms) = postSolution
		{DB8F22DE-649F-45E3-9D7B-A261AEB4AEB5}.Debug|Any CPU.ActiveCfg = Debug|Any CPU
		{DB8F22DE-649F-45E3-9D7B-A261AEB4AEB5}.Debug|Any CPU.Build.0 = Debug|Any CPU
		{DB8F22DE-649F-45E3-9D7B-A261AEB4AEB5}.Release|Any CPU.ActiveCfg = Release|Any CPU
		{DB8F22DE-649F-45E3-9D7B-A261AEB4AEB5}.Release|Any CPU.Build.0 = Release|Any CPU
		{05109DEA-6F7B-4BF8-A4E7-C00DD3D4F243}.Debug|Any CPU.ActiveCfg = Debug|Any CPU
		{05109DEA-6F7B-4BF8-A4E7-C00DD3D4F243}.Debug|Any CPU.Build.0 = Debug|Any CPU
		{05109DEA-6F7B-4BF8-A4E7-C00DD3D4F243}.Release|Any CPU.ActiveCfg = Release|Any CPU
		{05109DEA-6F7B-4BF8-A4E7-C00DD3D4F243}.Release|Any CPU.Build.0 = Release|Any CPU
	EndGlobalSection
	GlobalSection(SolutionProperties) = preSolution
		HideSolutionNode = FALSE
	EndGlobalSection
EndGlobal
